// !$*UTF8*$!
{
	archiveVersion = 1;
	classes = {
	};
	objectVersion = 51;
	objects = {

/* Begin PBXBuildFile section */
		0B0952BE255B6C560012C64F /* RollerView.swift in Sources */ = {isa = PBXBuildFile; fileRef = 0B0952BD255B6C560012C64F /* RollerView.swift */; };
		0B13B955255C69450078E076 /* PcPill.swift in Sources */ = {isa = PBXBuildFile; fileRef = 0B13B954255C69450078E076 /* PcPill.swift */; };
		0B13B958255C69700078E076 /* Extenstions.swift in Sources */ = {isa = PBXBuildFile; fileRef = 0B13B957255C69700078E076 /* Extenstions.swift */; };
		0B13B95B255CAB200078E076 /* DiceSection.swift in Sources */ = {isa = PBXBuildFile; fileRef = 0B13B95A255CAB200078E076 /* DiceSection.swift */; };
		0B1C8A1F2608C03A00ACA518 /* CameraPlacehold.swift in Sources */ = {isa = PBXBuildFile; fileRef = 0B1C8A1E2608C03A00ACA518 /* CameraPlacehold.swift */; };
		0B1C8A23260A22E300ACA518 /* Character.swift in Sources */ = {isa = PBXBuildFile; fileRef = 0B1C8A22260A22E300ACA518 /* Character.swift */; };
		0B1C8A26260A346800ACA518 /* CharacterRepository.swift in Sources */ = {isa = PBXBuildFile; fileRef = 0B1C8A25260A346800ACA518 /* CharacterRepository.swift */; };
		0B1C8A29260A358100ACA518 /* CharacterViewModel.swift in Sources */ = {isa = PBXBuildFile; fileRef = 0B1C8A28260A358100ACA518 /* CharacterViewModel.swift */; };
		0B1C8A2C260F862200ACA518 /* NewCharacter.swift in Sources */ = {isa = PBXBuildFile; fileRef = 0B1C8A2B260F862200ACA518 /* NewCharacter.swift */; };
		0B1C8A302613364900ACA518 /* StatBox.swift in Sources */ = {isa = PBXBuildFile; fileRef = 0B1C8A2F2613364900ACA518 /* StatBox.swift */; };
		0B1C8A342613749800ACA518 /* ProfTable.swift in Sources */ = {isa = PBXBuildFile; fileRef = 0B1C8A332613749800ACA518 /* ProfTable.swift */; };
		0B20C027255EE21B00CEDA38 /* RollerViewModel.swift in Sources */ = {isa = PBXBuildFile; fileRef = 0B20C026255EE21B00CEDA38 /* RollerViewModel.swift */; };
		0B4585DE2555C27D00E65F47 /* ImagePicker.swift in Sources */ = {isa = PBXBuildFile; fileRef = 0B4585DD2555C27D00E65F47 /* ImagePicker.swift */; };
		0B4D565C25AD4D1D00E959C9 /* Item.swift in Sources */ = {isa = PBXBuildFile; fileRef = 0B4D565B25AD4D1D00E959C9 /* Item.swift */; };
		0B4D565F25AD4D6800E959C9 /* ItemRepository.swift in Sources */ = {isa = PBXBuildFile; fileRef = 0B4D565E25AD4D6800E959C9 /* ItemRepository.swift */; };
		0B4D566225AD4E1500E959C9 /* ItemViewModel.swift in Sources */ = {isa = PBXBuildFile; fileRef = 0B4D566125AD4E1500E959C9 /* ItemViewModel.swift */; };
		0B506B82255E0B7700610557 /* CampaignScreenButton.swift in Sources */ = {isa = PBXBuildFile; fileRef = 0B506B81255E0B7700610557 /* CampaignScreenButton.swift */; };
		0B77621725ED114C00338CCE /* Webservice.swift in Sources */ = {isa = PBXBuildFile; fileRef = 0B77621625ED114C00338CCE /* Webservice.swift */; };
		0BB3D47E26285B6700E03F41 /* CurrencyBox.swift in Sources */ = {isa = PBXBuildFile; fileRef = 0BB3D47D26285B6700E03F41 /* CurrencyBox.swift */; };
		0BB4C13D2551A01D0061455C /* DnDAppApp.swift in Sources */ = {isa = PBXBuildFile; fileRef = 0BB4C13C2551A01D0061455C /* DnDAppApp.swift */; };
		0BB4C13F2551A01D0061455C /* MainMenu.swift in Sources */ = {isa = PBXBuildFile; fileRef = 0BB4C13E2551A01D0061455C /* MainMenu.swift */; };
		0BB4C1412551A0210061455C /* Assets.xcassets in Resources */ = {isa = PBXBuildFile; fileRef = 0BB4C1402551A0210061455C /* Assets.xcassets */; };
		0BB4C1442551A0210061455C /* Preview Assets.xcassets in Resources */ = {isa = PBXBuildFile; fileRef = 0BB4C1432551A0210061455C /* Preview Assets.xcassets */; };
		0BB4C15A2551EB220061455C /* Campaign.swift in Sources */ = {isa = PBXBuildFile; fileRef = 0BB4C1592551EB220061455C /* Campaign.swift */; };
		0BB4C1602551EFFD0061455C /* DatabaseSection.swift in Sources */ = {isa = PBXBuildFile; fileRef = 0BB4C15F2551EFFD0061455C /* DatabaseSection.swift */; };
		0BCF44A82561854400E98B86 /* CharacterSheet.swift in Sources */ = {isa = PBXBuildFile; fileRef = 0BCF44A72561854400E98B86 /* CharacterSheet.swift */; };
		0BCF44AB25618A0E00E98B86 /* CharatcerTopBar.swift in Sources */ = {isa = PBXBuildFile; fileRef = 0BCF44AA25618A0E00E98B86 /* CharatcerTopBar.swift */; };
		0BCF44C82577FB6000E98B86 /* Spell.swift in Sources */ = {isa = PBXBuildFile; fileRef = 0BCF44C72577FB6000E98B86 /* Spell.swift */; };
		0BCF44CB2578028C00E98B86 /* camera.swift in Sources */ = {isa = PBXBuildFile; fileRef = 0BCF44CA2578028C00E98B86 /* camera.swift */; };
		0BCF44E82578477D00E98B86 /* GoogleService-Info.plist in Resources */ = {isa = PBXBuildFile; fileRef = 0BCF44E72578477D00E98B86 /* GoogleService-Info.plist */; };
		0BCF4512257858E600E98B86 /* SpellViewModel.swift in Sources */ = {isa = PBXBuildFile; fileRef = 0BCF4511257858E600E98B86 /* SpellViewModel.swift */; };
		0BCF451525785E4400E98B86 /* DatabaseListViewModel.swift in Sources */ = {isa = PBXBuildFile; fileRef = 0BCF451425785E4400E98B86 /* DatabaseListViewModel.swift */; };
		0BCF45192578664C00E98B86 /* SpellRepository.swift in Sources */ = {isa = PBXBuildFile; fileRef = 0BCF45182578664C00E98B86 /* SpellRepository.swift */; };
		0BE49A0425D6DF0200E69471 /* WeaponDetail.swift in Sources */ = {isa = PBXBuildFile; fileRef = 0BE499F425D6DF0200E69471 /* WeaponDetail.swift */; };
		0BE49A0525D6DF0200E69471 /* WeaponDatabase.swift in Sources */ = {isa = PBXBuildFile; fileRef = 0BE499F525D6DF0200E69471 /* WeaponDatabase.swift */; };
		0BE49A0625D6DF0200E69471 /* EditWeapon.swift in Sources */ = {isa = PBXBuildFile; fileRef = 0BE499F625D6DF0200E69471 /* EditWeapon.swift */; };
		0BE49A0725D6DF0200E69471 /* SpellDatabaseView.swift in Sources */ = {isa = PBXBuildFile; fileRef = 0BE499F825D6DF0200E69471 /* SpellDatabaseView.swift */; };
		0BE49A0825D6DF0200E69471 /* EditSpell.swift in Sources */ = {isa = PBXBuildFile; fileRef = 0BE499F925D6DF0200E69471 /* EditSpell.swift */; };
		0BE49A0925D6DF0200E69471 /* SpellDetailView.swift in Sources */ = {isa = PBXBuildFile; fileRef = 0BE499FA25D6DF0200E69471 /* SpellDetailView.swift */; };
		0BE49A0A25D6DF0200E69471 /* ItemDatabaseView.swift in Sources */ = {isa = PBXBuildFile; fileRef = 0BE499FC25D6DF0200E69471 /* ItemDatabaseView.swift */; };
		0BE49A0B25D6DF0200E69471 /* ItemDetailView.swift in Sources */ = {isa = PBXBuildFile; fileRef = 0BE499FD25D6DF0200E69471 /* ItemDetailView.swift */; };
		0BE49A0C25D6DF0200E69471 /* EditItem.swift in Sources */ = {isa = PBXBuildFile; fileRef = 0BE499FE25D6DF0200E69471 /* EditItem.swift */; };
		0BE49A0D25D6DF0200E69471 /* ArmorDatabse.swift in Sources */ = {isa = PBXBuildFile; fileRef = 0BE49A0025D6DF0200E69471 /* ArmorDatabse.swift */; };
		0BE49A0E25D6DF0200E69471 /* EditArmor.swift in Sources */ = {isa = PBXBuildFile; fileRef = 0BE49A0125D6DF0200E69471 /* EditArmor.swift */; };
		0BE49A0F25D6DF0200E69471 /* ArmorDetail.swift in Sources */ = {isa = PBXBuildFile; fileRef = 0BE49A0225D6DF0200E69471 /* ArmorDetail.swift */; };
		0BE49A1025D6DF0200E69471 /* Database.swift in Sources */ = {isa = PBXBuildFile; fileRef = 0BE49A0325D6DF0200E69471 /* Database.swift */; };
		0BE49A1425D6DF2D00E69471 /* WeaponRepository.swift in Sources */ = {isa = PBXBuildFile; fileRef = 0BE49A1225D6DF2D00E69471 /* WeaponRepository.swift */; };
		0BE49A1525D6DF2D00E69471 /* ArmorRepository.swift in Sources */ = {isa = PBXBuildFile; fileRef = 0BE49A1325D6DF2D00E69471 /* ArmorRepository.swift */; };
		0BE49A1925D6E04300E69471 /* Weapon.swift in Sources */ = {isa = PBXBuildFile; fileRef = 0BE49A1725D6E04300E69471 /* Weapon.swift */; };
		0BE49A1A25D6E04300E69471 /* Armor.swift in Sources */ = {isa = PBXBuildFile; fileRef = 0BE49A1825D6E04300E69471 /* Armor.swift */; };
		0BE49A1E25D6E06400E69471 /* WeaponViewModel.swift in Sources */ = {isa = PBXBuildFile; fileRef = 0BE49A1C25D6E06400E69471 /* WeaponViewModel.swift */; };
		0BE49A1F25D6E06400E69471 /* ArmorViewModel.swift in Sources */ = {isa = PBXBuildFile; fileRef = 0BE49A1D25D6E06400E69471 /* ArmorViewModel.swift */; };
		0BE49A2625DC24A800E69471 /* Roller.swift in Sources */ = {isa = PBXBuildFile; fileRef = 0BE49A2525DC24A800E69471 /* Roller.swift */; };
		93DC6683CA851E22AC021FC6 /* Pods_DnDApp.framework in Frameworks */ = {isa = PBXBuildFile; fileRef = DAE572FBD83E66DCBEB9B44A /* Pods_DnDApp.framework */; };
/* End PBXBuildFile section */

/* Begin PBXFileReference section */
		0B0952BD255B6C560012C64F /* RollerView.swift */ = {isa = PBXFileReference; lastKnownFileType = sourcecode.swift; path = RollerView.swift; sourceTree = "<group>"; };
		0B13B954255C69450078E076 /* PcPill.swift */ = {isa = PBXFileReference; lastKnownFileType = sourcecode.swift; path = PcPill.swift; sourceTree = "<group>"; };
		0B13B957255C69700078E076 /* Extenstions.swift */ = {isa = PBXFileReference; lastKnownFileType = sourcecode.swift; path = Extenstions.swift; sourceTree = "<group>"; };
		0B13B95A255CAB200078E076 /* DiceSection.swift */ = {isa = PBXFileReference; lastKnownFileType = sourcecode.swift; path = DiceSection.swift; sourceTree = "<group>"; };
		0B1C8A1E2608C03A00ACA518 /* CameraPlacehold.swift */ = {isa = PBXFileReference; lastKnownFileType = sourcecode.swift; path = CameraPlacehold.swift; sourceTree = "<group>"; };
		0B1C8A22260A22E300ACA518 /* Character.swift */ = {isa = PBXFileReference; lastKnownFileType = sourcecode.swift; path = Character.swift; sourceTree = "<group>"; };
		0B1C8A25260A346800ACA518 /* CharacterRepository.swift */ = {isa = PBXFileReference; lastKnownFileType = sourcecode.swift; path = CharacterRepository.swift; sourceTree = "<group>"; };
		0B1C8A28260A358100ACA518 /* CharacterViewModel.swift */ = {isa = PBXFileReference; lastKnownFileType = sourcecode.swift; path = CharacterViewModel.swift; sourceTree = "<group>"; };
		0B1C8A2B260F862200ACA518 /* NewCharacter.swift */ = {isa = PBXFileReference; lastKnownFileType = sourcecode.swift; path = NewCharacter.swift; sourceTree = "<group>"; };
		0B1C8A2F2613364900ACA518 /* StatBox.swift */ = {isa = PBXFileReference; lastKnownFileType = sourcecode.swift; path = StatBox.swift; sourceTree = "<group>"; };
		0B1C8A332613749800ACA518 /* ProfTable.swift */ = {isa = PBXFileReference; lastKnownFileType = sourcecode.swift; path = ProfTable.swift; sourceTree = "<group>"; };
		0B20C026255EE21B00CEDA38 /* RollerViewModel.swift */ = {isa = PBXFileReference; lastKnownFileType = sourcecode.swift; path = RollerViewModel.swift; sourceTree = "<group>"; };
		0B4585DD2555C27D00E65F47 /* ImagePicker.swift */ = {isa = PBXFileReference; lastKnownFileType = sourcecode.swift; path = ImagePicker.swift; sourceTree = "<group>"; };
		0B4D565B25AD4D1D00E959C9 /* Item.swift */ = {isa = PBXFileReference; lastKnownFileType = sourcecode.swift; path = Item.swift; sourceTree = "<group>"; };
		0B4D565E25AD4D6800E959C9 /* ItemRepository.swift */ = {isa = PBXFileReference; lastKnownFileType = sourcecode.swift; path = ItemRepository.swift; sourceTree = "<group>"; };
		0B4D566125AD4E1500E959C9 /* ItemViewModel.swift */ = {isa = PBXFileReference; lastKnownFileType = sourcecode.swift; path = ItemViewModel.swift; sourceTree = "<group>"; };
		0B506B81255E0B7700610557 /* CampaignScreenButton.swift */ = {isa = PBXFileReference; lastKnownFileType = sourcecode.swift; path = CampaignScreenButton.swift; sourceTree = "<group>"; };
		0B77621625ED114C00338CCE /* Webservice.swift */ = {isa = PBXFileReference; lastKnownFileType = sourcecode.swift; path = Webservice.swift; sourceTree = "<group>"; };
		0BB3D47D26285B6700E03F41 /* CurrencyBox.swift */ = {isa = PBXFileReference; lastKnownFileType = sourcecode.swift; path = CurrencyBox.swift; sourceTree = "<group>"; };
		0BB4C1392551A01D0061455C /* DnDApp.app */ = {isa = PBXFileReference; explicitFileType = wrapper.application; includeInIndex = 0; path = DnDApp.app; sourceTree = BUILT_PRODUCTS_DIR; };
		0BB4C13C2551A01D0061455C /* DnDAppApp.swift */ = {isa = PBXFileReference; lastKnownFileType = sourcecode.swift; path = DnDAppApp.swift; sourceTree = "<group>"; };
		0BB4C13E2551A01D0061455C /* MainMenu.swift */ = {isa = PBXFileReference; lastKnownFileType = sourcecode.swift; path = MainMenu.swift; sourceTree = "<group>"; };
		0BB4C1402551A0210061455C /* Assets.xcassets */ = {isa = PBXFileReference; lastKnownFileType = folder.assetcatalog; path = Assets.xcassets; sourceTree = "<group>"; };
		0BB4C1432551A0210061455C /* Preview Assets.xcassets */ = {isa = PBXFileReference; lastKnownFileType = folder.assetcatalog; path = "Preview Assets.xcassets"; sourceTree = "<group>"; };
		0BB4C1452551A0210061455C /* Info.plist */ = {isa = PBXFileReference; lastKnownFileType = text.plist.xml; path = Info.plist; sourceTree = "<group>"; };
		0BB4C1592551EB220061455C /* Campaign.swift */ = {isa = PBXFileReference; lastKnownFileType = sourcecode.swift; path = Campaign.swift; sourceTree = "<group>"; };
		0BB4C15F2551EFFD0061455C /* DatabaseSection.swift */ = {isa = PBXFileReference; lastKnownFileType = sourcecode.swift; path = DatabaseSection.swift; sourceTree = "<group>"; };
		0BCF44A72561854400E98B86 /* CharacterSheet.swift */ = {isa = PBXFileReference; lastKnownFileType = sourcecode.swift; path = CharacterSheet.swift; sourceTree = "<group>"; };
		0BCF44AA25618A0E00E98B86 /* CharatcerTopBar.swift */ = {isa = PBXFileReference; lastKnownFileType = sourcecode.swift; path = CharatcerTopBar.swift; sourceTree = "<group>"; };
		0BCF44C72577FB6000E98B86 /* Spell.swift */ = {isa = PBXFileReference; lastKnownFileType = sourcecode.swift; path = Spell.swift; sourceTree = "<group>"; };
		0BCF44CA2578028C00E98B86 /* camera.swift */ = {isa = PBXFileReference; lastKnownFileType = sourcecode.swift; path = camera.swift; sourceTree = "<group>"; };
		0BCF44E72578477D00E98B86 /* GoogleService-Info.plist */ = {isa = PBXFileReference; fileEncoding = 4; lastKnownFileType = text.plist.xml; path = "GoogleService-Info.plist"; sourceTree = "<group>"; };
		0BCF4511257858E600E98B86 /* SpellViewModel.swift */ = {isa = PBXFileReference; lastKnownFileType = sourcecode.swift; path = SpellViewModel.swift; sourceTree = "<group>"; };
		0BCF451425785E4400E98B86 /* DatabaseListViewModel.swift */ = {isa = PBXFileReference; lastKnownFileType = sourcecode.swift; path = DatabaseListViewModel.swift; sourceTree = "<group>"; };
		0BCF45182578664C00E98B86 /* SpellRepository.swift */ = {isa = PBXFileReference; lastKnownFileType = sourcecode.swift; path = SpellRepository.swift; sourceTree = "<group>"; };
		0BE499F425D6DF0200E69471 /* WeaponDetail.swift */ = {isa = PBXFileReference; fileEncoding = 4; lastKnownFileType = sourcecode.swift; path = WeaponDetail.swift; sourceTree = "<group>"; };
		0BE499F525D6DF0200E69471 /* WeaponDatabase.swift */ = {isa = PBXFileReference; fileEncoding = 4; lastKnownFileType = sourcecode.swift; path = WeaponDatabase.swift; sourceTree = "<group>"; };
		0BE499F625D6DF0200E69471 /* EditWeapon.swift */ = {isa = PBXFileReference; fileEncoding = 4; lastKnownFileType = sourcecode.swift; path = EditWeapon.swift; sourceTree = "<group>"; };
		0BE499F825D6DF0200E69471 /* SpellDatabaseView.swift */ = {isa = PBXFileReference; fileEncoding = 4; lastKnownFileType = sourcecode.swift; path = SpellDatabaseView.swift; sourceTree = "<group>"; };
		0BE499F925D6DF0200E69471 /* EditSpell.swift */ = {isa = PBXFileReference; fileEncoding = 4; lastKnownFileType = sourcecode.swift; path = EditSpell.swift; sourceTree = "<group>"; };
		0BE499FA25D6DF0200E69471 /* SpellDetailView.swift */ = {isa = PBXFileReference; fileEncoding = 4; lastKnownFileType = sourcecode.swift; path = SpellDetailView.swift; sourceTree = "<group>"; };
		0BE499FC25D6DF0200E69471 /* ItemDatabaseView.swift */ = {isa = PBXFileReference; fileEncoding = 4; lastKnownFileType = sourcecode.swift; path = ItemDatabaseView.swift; sourceTree = "<group>"; };
		0BE499FD25D6DF0200E69471 /* ItemDetailView.swift */ = {isa = PBXFileReference; fileEncoding = 4; lastKnownFileType = sourcecode.swift; path = ItemDetailView.swift; sourceTree = "<group>"; };
		0BE499FE25D6DF0200E69471 /* EditItem.swift */ = {isa = PBXFileReference; fileEncoding = 4; lastKnownFileType = sourcecode.swift; path = EditItem.swift; sourceTree = "<group>"; };
		0BE49A0025D6DF0200E69471 /* ArmorDatabse.swift */ = {isa = PBXFileReference; fileEncoding = 4; lastKnownFileType = sourcecode.swift; path = ArmorDatabse.swift; sourceTree = "<group>"; };
		0BE49A0125D6DF0200E69471 /* EditArmor.swift */ = {isa = PBXFileReference; fileEncoding = 4; lastKnownFileType = sourcecode.swift; path = EditArmor.swift; sourceTree = "<group>"; };
		0BE49A0225D6DF0200E69471 /* ArmorDetail.swift */ = {isa = PBXFileReference; fileEncoding = 4; lastKnownFileType = sourcecode.swift; path = ArmorDetail.swift; sourceTree = "<group>"; };
		0BE49A0325D6DF0200E69471 /* Database.swift */ = {isa = PBXFileReference; fileEncoding = 4; lastKnownFileType = sourcecode.swift; path = Database.swift; sourceTree = "<group>"; };
		0BE49A1225D6DF2D00E69471 /* WeaponRepository.swift */ = {isa = PBXFileReference; fileEncoding = 4; lastKnownFileType = sourcecode.swift; path = WeaponRepository.swift; sourceTree = "<group>"; };
		0BE49A1325D6DF2D00E69471 /* ArmorRepository.swift */ = {isa = PBXFileReference; fileEncoding = 4; lastKnownFileType = sourcecode.swift; path = ArmorRepository.swift; sourceTree = "<group>"; };
		0BE49A1725D6E04300E69471 /* Weapon.swift */ = {isa = PBXFileReference; fileEncoding = 4; lastKnownFileType = sourcecode.swift; path = Weapon.swift; sourceTree = "<group>"; };
		0BE49A1825D6E04300E69471 /* Armor.swift */ = {isa = PBXFileReference; fileEncoding = 4; lastKnownFileType = sourcecode.swift; path = Armor.swift; sourceTree = "<group>"; };
		0BE49A1C25D6E06400E69471 /* WeaponViewModel.swift */ = {isa = PBXFileReference; fileEncoding = 4; lastKnownFileType = sourcecode.swift; path = WeaponViewModel.swift; sourceTree = "<group>"; };
		0BE49A1D25D6E06400E69471 /* ArmorViewModel.swift */ = {isa = PBXFileReference; fileEncoding = 4; lastKnownFileType = sourcecode.swift; path = ArmorViewModel.swift; sourceTree = "<group>"; };
		0BE49A2525DC24A800E69471 /* Roller.swift */ = {isa = PBXFileReference; lastKnownFileType = sourcecode.swift; path = Roller.swift; sourceTree = "<group>"; };
		1228F08F1A1624338A7AC644 /* Pods-DnDApp.release.xcconfig */ = {isa = PBXFileReference; includeInIndex = 1; lastKnownFileType = text.xcconfig; name = "Pods-DnDApp.release.xcconfig"; path = "Target Support Files/Pods-DnDApp/Pods-DnDApp.release.xcconfig"; sourceTree = "<group>"; };
		BBDF44A32DFDAADFD97810E3 /* Pods-DnDApp.debug.xcconfig */ = {isa = PBXFileReference; includeInIndex = 1; lastKnownFileType = text.xcconfig; name = "Pods-DnDApp.debug.xcconfig"; path = "Target Support Files/Pods-DnDApp/Pods-DnDApp.debug.xcconfig"; sourceTree = "<group>"; };
		DAE572FBD83E66DCBEB9B44A /* Pods_DnDApp.framework */ = {isa = PBXFileReference; explicitFileType = wrapper.framework; includeInIndex = 0; path = Pods_DnDApp.framework; sourceTree = BUILT_PRODUCTS_DIR; };
/* End PBXFileReference section */

/* Begin PBXFrameworksBuildPhase section */
		0BB4C1362551A01D0061455C /* Frameworks */ = {
			isa = PBXFrameworksBuildPhase;
			buildActionMask = 2147483647;
			files = (
				93DC6683CA851E22AC021FC6 /* Pods_DnDApp.framework in Frameworks */,
			);
			runOnlyForDeploymentPostprocessing = 0;
		};
/* End PBXFrameworksBuildPhase section */

/* Begin PBXGroup section */
		0B20C022255EB91C00CEDA38 /* Views */ = {
			isa = PBXGroup;
			children = (
				0BB4C1512551AE090061455C /* Support Views */,
				0BB4C1562551EA880061455C /* Main Views */,
			);
			path = Views;
			sourceTree = "<group>";
		};
		0B20C023255EE0BB00CEDA38 /* ViewModel */ = {
			isa = PBXGroup;
			children = (
				0BE49A1D25D6E06400E69471 /* ArmorViewModel.swift */,
				0BE49A1C25D6E06400E69471 /* WeaponViewModel.swift */,
				0B20C026255EE21B00CEDA38 /* RollerViewModel.swift */,
				0BCF4511257858E600E98B86 /* SpellViewModel.swift */,
				0BCF451425785E4400E98B86 /* DatabaseListViewModel.swift */,
				0B4D566125AD4E1500E959C9 /* ItemViewModel.swift */,
				0B1C8A28260A358100ACA518 /* CharacterViewModel.swift */,
			);
			path = ViewModel;
			sourceTree = "<group>";
		};
		0B20C024255EE0D600CEDA38 /* Models */ = {
			isa = PBXGroup;
			children = (
				0B13B957255C69700078E076 /* Extenstions.swift */,
				0BB4C13C2551A01D0061455C /* DnDAppApp.swift */,
				0BCF44C72577FB6000E98B86 /* Spell.swift */,
				0B4D565B25AD4D1D00E959C9 /* Item.swift */,
				0B4585DD2555C27D00E65F47 /* ImagePicker.swift */,
				0BE49A1825D6E04300E69471 /* Armor.swift */,
				0BE49A1725D6E04300E69471 /* Weapon.swift */,
				0BE49A2525DC24A800E69471 /* Roller.swift */,
				0B1C8A22260A22E300ACA518 /* Character.swift */,
			);
			path = Models;
			sourceTree = "<group>";
		};
		0B77621525ED113800338CCE /* Services */ = {
			isa = PBXGroup;
			children = (
				0B77621625ED114C00338CCE /* Webservice.swift */,
			);
			path = Services;
			sourceTree = "<group>";
		};
		0BB4C1302551A01D0061455C = {
			isa = PBXGroup;
			children = (
				0BB4C13B2551A01D0061455C /* DnDApp */,
				0BB4C13A2551A01D0061455C /* Products */,
				7959B211D33E0008D8268E79 /* Pods */,
				2B9E26205D733A06F56A67F0 /* Frameworks */,
			);
			sourceTree = "<group>";
		};
		0BB4C13A2551A01D0061455C /* Products */ = {
			isa = PBXGroup;
			children = (
				0BB4C1392551A01D0061455C /* DnDApp.app */,
			);
			name = Products;
			sourceTree = "<group>";
		};
		0BB4C13B2551A01D0061455C /* DnDApp */ = {
			isa = PBXGroup;
			children = (
				0BCF44E72578477D00E98B86 /* GoogleService-Info.plist */,
				0B77621525ED113800338CCE /* Services */,
				0B20C024255EE0D600CEDA38 /* Models */,
				0BCF45172578663000E98B86 /* Repositories */,
				0B20C023255EE0BB00CEDA38 /* ViewModel */,
				0B20C022255EB91C00CEDA38 /* Views */,
				0BB4C1402551A0210061455C /* Assets.xcassets */,
				0BB4C1452551A0210061455C /* Info.plist */,
				0BB4C1422551A0210061455C /* Preview Content */,
			);
			path = DnDApp;
			sourceTree = "<group>";
		};
		0BB4C1422551A0210061455C /* Preview Content */ = {
			isa = PBXGroup;
			children = (
				0BB4C1432551A0210061455C /* Preview Assets.xcassets */,
			);
			path = "Preview Content";
			sourceTree = "<group>";
		};
		0BB4C1512551AE090061455C /* Support Views */ = {
			isa = PBXGroup;
			children = (
				0BB4C15F2551EFFD0061455C /* DatabaseSection.swift */,
				0B13B954255C69450078E076 /* PcPill.swift */,
				0B13B95A255CAB200078E076 /* DiceSection.swift */,
				0B506B81255E0B7700610557 /* CampaignScreenButton.swift */,
				0BCF44AA25618A0E00E98B86 /* CharatcerTopBar.swift */,
				0BCF44CA2578028C00E98B86 /* camera.swift */,
				0B1C8A2F2613364900ACA518 /* StatBox.swift */,
				0B1C8A2B260F862200ACA518 /* NewCharacter.swift */,
				0B1C8A332613749800ACA518 /* ProfTable.swift */,
				0BB3D47D26285B6700E03F41 /* CurrencyBox.swift */,
			);
			path = "Support Views";
			sourceTree = "<group>";
		};
		0BB4C1562551EA880061455C /* Main Views */ = {
			isa = PBXGroup;
			children = (
				0BE499F225D6DF0200E69471 /* data */,
				0BB4C1592551EB220061455C /* Campaign.swift */,
				0BB4C13E2551A01D0061455C /* MainMenu.swift */,
				0B0952BD255B6C560012C64F /* RollerView.swift */,
				0BCF44A72561854400E98B86 /* CharacterSheet.swift */,
				0B1C8A1E2608C03A00ACA518 /* CameraPlacehold.swift */,
			);
			path = "Main Views";
			sourceTree = "<group>";
		};
		0BCF45172578663000E98B86 /* Repositories */ = {
			isa = PBXGroup;
			children = (
				0BCF45182578664C00E98B86 /* SpellRepository.swift */,
				0B4D565E25AD4D6800E959C9 /* ItemRepository.swift */,
				0BE49A1325D6DF2D00E69471 /* ArmorRepository.swift */,
				0BE49A1225D6DF2D00E69471 /* WeaponRepository.swift */,
				0B1C8A25260A346800ACA518 /* CharacterRepository.swift */,
			);
			path = Repositories;
			sourceTree = "<group>";
		};
		0BE499F225D6DF0200E69471 /* data */ = {
			isa = PBXGroup;
			children = (
				0BE499F325D6DF0200E69471 /* Weapon */,
				0BE499F725D6DF0200E69471 /* Spell */,
				0BE499FB25D6DF0200E69471 /* Item */,
				0BE499FF25D6DF0200E69471 /* Armor */,
				0BE49A0325D6DF0200E69471 /* Database.swift */,
			);
			path = data;
			sourceTree = "<group>";
		};
		0BE499F325D6DF0200E69471 /* Weapon */ = {
			isa = PBXGroup;
			children = (
				0BE499F425D6DF0200E69471 /* WeaponDetail.swift */,
				0BE499F525D6DF0200E69471 /* WeaponDatabase.swift */,
				0BE499F625D6DF0200E69471 /* EditWeapon.swift */,
			);
			path = Weapon;
			sourceTree = "<group>";
		};
		0BE499F725D6DF0200E69471 /* Spell */ = {
			isa = PBXGroup;
			children = (
				0BE499F825D6DF0200E69471 /* SpellDatabaseView.swift */,
				0BE499F925D6DF0200E69471 /* EditSpell.swift */,
				0BE499FA25D6DF0200E69471 /* SpellDetailView.swift */,
			);
			path = Spell;
			sourceTree = "<group>";
		};
		0BE499FB25D6DF0200E69471 /* Item */ = {
			isa = PBXGroup;
			children = (
				0BE499FC25D6DF0200E69471 /* ItemDatabaseView.swift */,
				0BE499FD25D6DF0200E69471 /* ItemDetailView.swift */,
				0BE499FE25D6DF0200E69471 /* EditItem.swift */,
			);
			path = Item;
			sourceTree = "<group>";
		};
		0BE499FF25D6DF0200E69471 /* Armor */ = {
			isa = PBXGroup;
			children = (
				0BE49A0025D6DF0200E69471 /* ArmorDatabse.swift */,
				0BE49A0125D6DF0200E69471 /* EditArmor.swift */,
				0BE49A0225D6DF0200E69471 /* ArmorDetail.swift */,
			);
			path = Armor;
			sourceTree = "<group>";
		};
		2B9E26205D733A06F56A67F0 /* Frameworks */ = {
			isa = PBXGroup;
			children = (
				DAE572FBD83E66DCBEB9B44A /* Pods_DnDApp.framework */,
			);
			name = Frameworks;
			sourceTree = "<group>";
		};
		7959B211D33E0008D8268E79 /* Pods */ = {
			isa = PBXGroup;
			children = (
				BBDF44A32DFDAADFD97810E3 /* Pods-DnDApp.debug.xcconfig */,
				1228F08F1A1624338A7AC644 /* Pods-DnDApp.release.xcconfig */,
			);
			path = Pods;
			sourceTree = "<group>";
		};
/* End PBXGroup section */

/* Begin PBXNativeTarget section */
		0BB4C1382551A01D0061455C /* DnDApp */ = {
			isa = PBXNativeTarget;
			buildConfigurationList = 0BB4C1482551A0210061455C /* Build configuration list for PBXNativeTarget "DnDApp" */;
			buildPhases = (
				4F701A4DD1EE71CBB83C76F9 /* [CP] Check Pods Manifest.lock */,
				0BB4C1352551A01D0061455C /* Sources */,
				0BB4C1362551A01D0061455C /* Frameworks */,
				0BB4C1372551A01D0061455C /* Resources */,
				70509BDAEBCF7166781CF61B /* [CP] Embed Pods Frameworks */,
			);
			buildRules = (
			);
			dependencies = (
			);
			name = DnDApp;
			productName = DnDApp;
			productReference = 0BB4C1392551A01D0061455C /* DnDApp.app */;
			productType = "com.apple.product-type.application";
		};
/* End PBXNativeTarget section */

/* Begin PBXProject section */
		0BB4C1312551A01D0061455C /* Project object */ = {
			isa = PBXProject;
			attributes = {
				LastSwiftUpdateCheck = 1210;
				LastUpgradeCheck = 1210;
				TargetAttributes = {
					0BB4C1382551A01D0061455C = {
						CreatedOnToolsVersion = 12.1;
					};
				};
			};
			buildConfigurationList = 0BB4C1342551A01D0061455C /* Build configuration list for PBXProject "DnDApp" */;
			compatibilityVersion = "Xcode 9.3";
			developmentRegion = en;
			hasScannedForEncodings = 0;
			knownRegions = (
				en,
				Base,
			);
			mainGroup = 0BB4C1302551A01D0061455C;
			productRefGroup = 0BB4C13A2551A01D0061455C /* Products */;
			projectDirPath = "";
			projectRoot = "";
			targets = (
				0BB4C1382551A01D0061455C /* DnDApp */,
			);
		};
/* End PBXProject section */

/* Begin PBXResourcesBuildPhase section */
		0BB4C1372551A01D0061455C /* Resources */ = {
			isa = PBXResourcesBuildPhase;
			buildActionMask = 2147483647;
			files = (
				0BB4C1442551A0210061455C /* Preview Assets.xcassets in Resources */,
				0BB4C1412551A0210061455C /* Assets.xcassets in Resources */,
				0BCF44E82578477D00E98B86 /* GoogleService-Info.plist in Resources */,
			);
			runOnlyForDeploymentPostprocessing = 0;
		};
/* End PBXResourcesBuildPhase section */

/* Begin PBXShellScriptBuildPhase section */
		4F701A4DD1EE71CBB83C76F9 /* [CP] Check Pods Manifest.lock */ = {
			isa = PBXShellScriptBuildPhase;
			buildActionMask = 2147483647;
			files = (
			);
			inputFileListPaths = (
			);
			inputPaths = (
				"${PODS_PODFILE_DIR_PATH}/Podfile.lock",
				"${PODS_ROOT}/Manifest.lock",
			);
			name = "[CP] Check Pods Manifest.lock";
			outputFileListPaths = (
			);
			outputPaths = (
				"$(DERIVED_FILE_DIR)/Pods-DnDApp-checkManifestLockResult.txt",
			);
			runOnlyForDeploymentPostprocessing = 0;
			shellPath = /bin/sh;
			shellScript = "diff \"${PODS_PODFILE_DIR_PATH}/Podfile.lock\" \"${PODS_ROOT}/Manifest.lock\" > /dev/null\nif [ $? != 0 ] ; then\n    # print error to STDERR\n    echo \"error: The sandbox is not in sync with the Podfile.lock. Run 'pod install' or update your CocoaPods installation.\" >&2\n    exit 1\nfi\n# This output is used by Xcode 'outputs' to avoid re-running this script phase.\necho \"SUCCESS\" > \"${SCRIPT_OUTPUT_FILE_0}\"\n";
			showEnvVarsInLog = 0;
		};
		70509BDAEBCF7166781CF61B /* [CP] Embed Pods Frameworks */ = {
			isa = PBXShellScriptBuildPhase;
			buildActionMask = 2147483647;
			files = (
			);
			inputFileListPaths = (
				"${PODS_ROOT}/Target Support Files/Pods-DnDApp/Pods-DnDApp-frameworks-${CONFIGURATION}-input-files.xcfilelist",
			);
			name = "[CP] Embed Pods Frameworks";
			outputFileListPaths = (
				"${PODS_ROOT}/Target Support Files/Pods-DnDApp/Pods-DnDApp-frameworks-${CONFIGURATION}-output-files.xcfilelist",
			);
			runOnlyForDeploymentPostprocessing = 0;
			shellPath = /bin/sh;
			shellScript = "\"${PODS_ROOT}/Target Support Files/Pods-DnDApp/Pods-DnDApp-frameworks.sh\"\n";
			showEnvVarsInLog = 0;
		};
/* End PBXShellScriptBuildPhase section */

/* Begin PBXSourcesBuildPhase section */
		0BB4C1352551A01D0061455C /* Sources */ = {
			isa = PBXSourcesBuildPhase;
			buildActionMask = 2147483647;
			files = (
				0BCF44CB2578028C00E98B86 /* camera.swift in Sources */,
				0BCF451525785E4400E98B86 /* DatabaseListViewModel.swift in Sources */,
				0B1C8A302613364900ACA518 /* StatBox.swift in Sources */,
				0BE49A1425D6DF2D00E69471 /* WeaponRepository.swift in Sources */,
				0BB4C13F2551A01D0061455C /* MainMenu.swift in Sources */,
				0B1C8A2C260F862200ACA518 /* NewCharacter.swift in Sources */,
				0BE49A1F25D6E06400E69471 /* ArmorViewModel.swift in Sources */,
				0B4D565C25AD4D1D00E959C9 /* Item.swift in Sources */,
				0BE49A1E25D6E06400E69471 /* WeaponViewModel.swift in Sources */,
				0BE49A0825D6DF0200E69471 /* EditSpell.swift in Sources */,
				0B77621725ED114C00338CCE /* Webservice.swift in Sources */,
				0BCF44AB25618A0E00E98B86 /* CharatcerTopBar.swift in Sources */,
				0B4D566225AD4E1500E959C9 /* ItemViewModel.swift in Sources */,
				0BE49A0F25D6DF0200E69471 /* ArmorDetail.swift in Sources */,
				0BCF4512257858E600E98B86 /* SpellViewModel.swift in Sources */,
				0BE49A0725D6DF0200E69471 /* SpellDatabaseView.swift in Sources */,
				0BE49A1A25D6E04300E69471 /* Armor.swift in Sources */,
				0BE49A0925D6DF0200E69471 /* SpellDetailView.swift in Sources */,
				0BE49A0B25D6DF0200E69471 /* ItemDetailView.swift in Sources */,
				0BE49A1525D6DF2D00E69471 /* ArmorRepository.swift in Sources */,
				0BCF44A82561854400E98B86 /* CharacterSheet.swift in Sources */,
				0BCF45192578664C00E98B86 /* SpellRepository.swift in Sources */,
				0B4D565F25AD4D6800E959C9 /* ItemRepository.swift in Sources */,
				0BB4C1602551EFFD0061455C /* DatabaseSection.swift in Sources */,
				0BCF44C82577FB6000E98B86 /* Spell.swift in Sources */,
				0B4585DE2555C27D00E65F47 /* ImagePicker.swift in Sources */,
				0BE49A0E25D6DF0200E69471 /* EditArmor.swift in Sources */,
				0B0952BE255B6C560012C64F /* RollerView.swift in Sources */,
				0BE49A0525D6DF0200E69471 /* WeaponDatabase.swift in Sources */,
				0B20C027255EE21B00CEDA38 /* RollerViewModel.swift in Sources */,
				0BB3D47E26285B6700E03F41 /* CurrencyBox.swift in Sources */,
				0BB4C13D2551A01D0061455C /* DnDAppApp.swift in Sources */,
				0B1C8A26260A346800ACA518 /* CharacterRepository.swift in Sources */,
				0B1C8A29260A358100ACA518 /* CharacterViewModel.swift in Sources */,
				0BB4C15A2551EB220061455C /* Campaign.swift in Sources */,
				0B13B955255C69450078E076 /* PcPill.swift in Sources */,
				0B1C8A1F2608C03A00ACA518 /* CameraPlacehold.swift in Sources */,
				0BE49A0625D6DF0200E69471 /* EditWeapon.swift in Sources */,
				0BE49A2625DC24A800E69471 /* Roller.swift in Sources */,
				0BE49A0D25D6DF0200E69471 /* ArmorDatabse.swift in Sources */,
				0B1C8A23260A22E300ACA518 /* Character.swift in Sources */,
				0BE49A0C25D6DF0200E69471 /* EditItem.swift in Sources */,
				0BE49A1925D6E04300E69471 /* Weapon.swift in Sources */,
				0BE49A0425D6DF0200E69471 /* WeaponDetail.swift in Sources */,
				0B13B95B255CAB200078E076 /* DiceSection.swift in Sources */,
				0BE49A1025D6DF0200E69471 /* Database.swift in Sources */,
				0BE49A0A25D6DF0200E69471 /* ItemDatabaseView.swift in Sources */,
				0B13B958255C69700078E076 /* Extenstions.swift in Sources */,
				0B1C8A342613749800ACA518 /* ProfTable.swift in Sources */,
				0B506B82255E0B7700610557 /* CampaignScreenButton.swift in Sources */,
			);
			runOnlyForDeploymentPostprocessing = 0;
		};
/* End PBXSourcesBuildPhase section */

/* Begin XCBuildConfiguration section */
		0BB4C1462551A0210061455C /* Debug */ = {
			isa = XCBuildConfiguration;
			buildSettings = {
				ALWAYS_SEARCH_USER_PATHS = NO;
				CLANG_ANALYZER_NONNULL = YES;
				CLANG_ANALYZER_NUMBER_OBJECT_CONVERSION = YES_AGGRESSIVE;
				CLANG_CXX_LANGUAGE_STANDARD = "gnu++14";
				CLANG_CXX_LIBRARY = "libc++";
				CLANG_ENABLE_MODULES = YES;
				CLANG_ENABLE_OBJC_ARC = YES;
				CLANG_ENABLE_OBJC_WEAK = YES;
				CLANG_WARN_BLOCK_CAPTURE_AUTORELEASING = YES;
				CLANG_WARN_BOOL_CONVERSION = YES;
				CLANG_WARN_COMMA = YES;
				CLANG_WARN_CONSTANT_CONVERSION = YES;
				CLANG_WARN_DEPRECATED_OBJC_IMPLEMENTATIONS = YES;
				CLANG_WARN_DIRECT_OBJC_ISA_USAGE = YES_ERROR;
				CLANG_WARN_DOCUMENTATION_COMMENTS = YES;
				CLANG_WARN_EMPTY_BODY = YES;
				CLANG_WARN_ENUM_CONVERSION = YES;
				CLANG_WARN_INFINITE_RECURSION = YES;
				CLANG_WARN_INT_CONVERSION = YES;
				CLANG_WARN_NON_LITERAL_NULL_CONVERSION = YES;
				CLANG_WARN_OBJC_IMPLICIT_RETAIN_SELF = YES;
				CLANG_WARN_OBJC_LITERAL_CONVERSION = YES;
				CLANG_WARN_OBJC_ROOT_CLASS = YES_ERROR;
				CLANG_WARN_QUOTED_INCLUDE_IN_FRAMEWORK_HEADER = YES;
				CLANG_WARN_RANGE_LOOP_ANALYSIS = YES;
				CLANG_WARN_STRICT_PROTOTYPES = YES;
				CLANG_WARN_SUSPICIOUS_MOVE = YES;
				CLANG_WARN_UNGUARDED_AVAILABILITY = YES_AGGRESSIVE;
				CLANG_WARN_UNREACHABLE_CODE = YES;
				CLANG_WARN__DUPLICATE_METHOD_MATCH = YES;
				COPY_PHASE_STRIP = NO;
				DEBUG_INFORMATION_FORMAT = dwarf;
				ENABLE_STRICT_OBJC_MSGSEND = YES;
				ENABLE_TESTABILITY = YES;
				GCC_C_LANGUAGE_STANDARD = gnu11;
				GCC_DYNAMIC_NO_PIC = NO;
				GCC_NO_COMMON_BLOCKS = YES;
				GCC_OPTIMIZATION_LEVEL = 0;
				GCC_PREPROCESSOR_DEFINITIONS = (
					"DEBUG=1",
					"$(inherited)",
				);
				GCC_WARN_64_TO_32_BIT_CONVERSION = YES;
				GCC_WARN_ABOUT_RETURN_TYPE = YES_ERROR;
				GCC_WARN_UNDECLARED_SELECTOR = YES;
				GCC_WARN_UNINITIALIZED_AUTOS = YES_AGGRESSIVE;
				GCC_WARN_UNUSED_FUNCTION = YES;
				GCC_WARN_UNUSED_VARIABLE = YES;
				IPHONEOS_DEPLOYMENT_TARGET = 14.1;
				MTL_ENABLE_DEBUG_INFO = INCLUDE_SOURCE;
				MTL_FAST_MATH = YES;
				ONLY_ACTIVE_ARCH = YES;
				SDKROOT = iphoneos;
				SWIFT_ACTIVE_COMPILATION_CONDITIONS = DEBUG;
				SWIFT_OPTIMIZATION_LEVEL = "-Onone";
			};
			name = Debug;
		};
		0BB4C1472551A0210061455C /* Release */ = {
			isa = XCBuildConfiguration;
			buildSettings = {
				ALWAYS_SEARCH_USER_PATHS = NO;
				CLANG_ANALYZER_NONNULL = YES;
				CLANG_ANALYZER_NUMBER_OBJECT_CONVERSION = YES_AGGRESSIVE;
				CLANG_CXX_LANGUAGE_STANDARD = "gnu++14";
				CLANG_CXX_LIBRARY = "libc++";
				CLANG_ENABLE_MODULES = YES;
				CLANG_ENABLE_OBJC_ARC = YES;
				CLANG_ENABLE_OBJC_WEAK = YES;
				CLANG_WARN_BLOCK_CAPTURE_AUTORELEASING = YES;
				CLANG_WARN_BOOL_CONVERSION = YES;
				CLANG_WARN_COMMA = YES;
				CLANG_WARN_CONSTANT_CONVERSION = YES;
				CLANG_WARN_DEPRECATED_OBJC_IMPLEMENTATIONS = YES;
				CLANG_WARN_DIRECT_OBJC_ISA_USAGE = YES_ERROR;
				CLANG_WARN_DOCUMENTATION_COMMENTS = YES;
				CLANG_WARN_EMPTY_BODY = YES;
				CLANG_WARN_ENUM_CONVERSION = YES;
				CLANG_WARN_INFINITE_RECURSION = YES;
				CLANG_WARN_INT_CONVERSION = YES;
				CLANG_WARN_NON_LITERAL_NULL_CONVERSION = YES;
				CLANG_WARN_OBJC_IMPLICIT_RETAIN_SELF = YES;
				CLANG_WARN_OBJC_LITERAL_CONVERSION = YES;
				CLANG_WARN_OBJC_ROOT_CLASS = YES_ERROR;
				CLANG_WARN_QUOTED_INCLUDE_IN_FRAMEWORK_HEADER = YES;
				CLANG_WARN_RANGE_LOOP_ANALYSIS = YES;
				CLANG_WARN_STRICT_PROTOTYPES = YES;
				CLANG_WARN_SUSPICIOUS_MOVE = YES;
				CLANG_WARN_UNGUARDED_AVAILABILITY = YES_AGGRESSIVE;
				CLANG_WARN_UNREACHABLE_CODE = YES;
				CLANG_WARN__DUPLICATE_METHOD_MATCH = YES;
				COPY_PHASE_STRIP = NO;
				DEBUG_INFORMATION_FORMAT = "dwarf-with-dsym";
				ENABLE_NS_ASSERTIONS = NO;
				ENABLE_STRICT_OBJC_MSGSEND = YES;
				GCC_C_LANGUAGE_STANDARD = gnu11;
				GCC_NO_COMMON_BLOCKS = YES;
				GCC_WARN_64_TO_32_BIT_CONVERSION = YES;
				GCC_WARN_ABOUT_RETURN_TYPE = YES_ERROR;
				GCC_WARN_UNDECLARED_SELECTOR = YES;
				GCC_WARN_UNINITIALIZED_AUTOS = YES_AGGRESSIVE;
				GCC_WARN_UNUSED_FUNCTION = YES;
				GCC_WARN_UNUSED_VARIABLE = YES;
				IPHONEOS_DEPLOYMENT_TARGET = 14.1;
				MTL_ENABLE_DEBUG_INFO = NO;
				MTL_FAST_MATH = YES;
				SDKROOT = iphoneos;
				SWIFT_COMPILATION_MODE = wholemodule;
				SWIFT_OPTIMIZATION_LEVEL = "-O";
				VALIDATE_PRODUCT = YES;
			};
			name = Release;
		};
		0BB4C1492551A0210061455C /* Debug */ = {
			isa = XCBuildConfiguration;
			baseConfigurationReference = BBDF44A32DFDAADFD97810E3 /* Pods-DnDApp.debug.xcconfig */;
			buildSettings = {
				ASSETCATALOG_COMPILER_APPICON_NAME = AppIcon;
				ASSETCATALOG_COMPILER_GLOBAL_ACCENT_COLOR_NAME = AccentColor;
				CODE_SIGN_STYLE = Automatic;
				DEVELOPMENT_ASSET_PATHS = "\"DnDApp/Preview Content\"";
				DEVELOPMENT_TEAM = UAFW5MF3T8;
				ENABLE_PREVIEWS = YES;
				INFOPLIST_FILE = DnDApp/Info.plist;
				IPHONEOS_DEPLOYMENT_TARGET = 14.0;
				LD_RUNPATH_SEARCH_PATHS = (
					"$(inherited)",
					"@executable_path/Frameworks",
				);
				PRODUCT_BUNDLE_IDENTIFIER = com.DnDApp;
				PRODUCT_NAME = "$(TARGET_NAME)";
				SWIFT_VERSION = 5.0;
				TARGETED_DEVICE_FAMILY = "1,2";
			};
			name = Debug;
		};
		0BB4C14A2551A0210061455C /* Release */ = {
			isa = XCBuildConfiguration;
			baseConfigurationReference = 1228F08F1A1624338A7AC644 /* Pods-DnDApp.release.xcconfig */;
			buildSettings = {
				ASSETCATALOG_COMPILER_APPICON_NAME = AppIcon;
				ASSETCATALOG_COMPILER_GLOBAL_ACCENT_COLOR_NAME = AccentColor;
				CODE_SIGN_STYLE = Automatic;
				DEVELOPMENT_ASSET_PATHS = "\"DnDApp/Preview Content\"";
				DEVELOPMENT_TEAM = UAFW5MF3T8;
				ENABLE_PREVIEWS = YES;
				INFOPLIST_FILE = DnDApp/Info.plist;
				IPHONEOS_DEPLOYMENT_TARGET = 14.0;
				LD_RUNPATH_SEARCH_PATHS = (
					"$(inherited)",
					"@executable_path/Frameworks",
				);
				PRODUCT_BUNDLE_IDENTIFIER = com.DnDApp;
				PRODUCT_NAME = "$(TARGET_NAME)";
				SWIFT_VERSION = 5.0;
				TARGETED_DEVICE_FAMILY = "1,2";
			};
			name = Release;
		};
/* End XCBuildConfiguration section */

/* Begin XCConfigurationList section */
		0BB4C1342551A01D0061455C /* Build configuration list for PBXProject "DnDApp" */ = {
			isa = XCConfigurationList;
			buildConfigurations = (
				0BB4C1462551A0210061455C /* Debug */,
				0BB4C1472551A0210061455C /* Release */,
			);
			defaultConfigurationIsVisible = 0;
			defaultConfigurationName = Release;
		};
		0BB4C1482551A0210061455C /* Build configuration list for PBXNativeTarget "DnDApp" */ = {
			isa = XCConfigurationList;
			buildConfigurations = (
				0BB4C1492551A0210061455C /* Debug */,
				0BB4C14A2551A0210061455C /* Release */,
			);
			defaultConfigurationIsVisible = 0;
			defaultConfigurationName = Release;
		};
/* End XCConfigurationList section */
	};
	rootObject = 0BB4C1312551A01D0061455C /* Project object */;
}
